
Microsoft Visual Studio Solution File, Format Version 12.00
# Visual Studio 15
VisualStudioVersion = 15.0.28010.2050
MinimumVisualStudioVersion = 10.0.40219.1
Project("{FAE04EC0-301F-11D3-BF4B-00C04F79EFBC}") = "TecanCavro", "TecanCavro\TecanCavro.csproj", "{67FF634F-14FE-49AF-B250-940713F35970}"
EndProject
Global
	GlobalSection(SolutionConfigurationPlatforms) = preSolution
		Debug|Any CPU = Debug|Any CPU
		Release|Any CPU = Release|Any CPU
	EndGlobalSection
	GlobalSection(ProjectConfigurationPlatforms) = postSolution
		{67FF634F-14FE-49AF-B250-940713F35970}.Debug|Any CPU.ActiveCfg = Debug|Any CPU
		{67FF634F-14FE-49AF-B250-940713F35970}.Debug|Any CPU.Build.0 = Debug|Any CPU
		{67FF634F-14FE-49AF-B250-940713F35970}.Release|Any CPU.ActiveCfg = Release|Any CPU
		{67FF634F-14FE-49AF-B250-940713F35970}.Release|Any CPU.Build.0 = Release|Any CPU
	EndGlobalSection
	GlobalSection(SolutionProperties) = preSolution
		HideSolutionNode = FALSE
	EndGlobalSection
	GlobalSection(ExtensibilityGlobals) = postSolution
		SolutionGuid = {D1453F4D-6BDA-4F5F-AC3D-177CC6E06C64}
	EndGlobalSection
EndGlobal
